
Microsoft Visual Studio Solution File, Format Version 12.00
# Visual Studio Version 16
VisualStudioVersion = 16.0.31729.503
MinimumVisualStudioVersion = 10.0.40219.1
Project("{9A19103F-16F7-4668-BE54-9A1E7A4F7556}") = "TiposDadosConversoesOperadores", "TiposDadosConversoesOperadores\TiposDadosConversoesOperadores.csproj", "{41D2E5FE-6F63-4109-A9E8-B97DB6FB555F}"
EndProject
Project("{9A19103F-16F7-4668-BE54-9A1E7A4F7556}") = "EstruturasCondicao", "EstruturasCondicao\EstruturasCondicao.csproj", "{0F594C19-1441-468A-B39C-F70388E21743}"
EndProject
Project("{9A19103F-16F7-4668-BE54-9A1E7A4F7556}") = "EstruturasRepeticao", "EstruturasRepeticao\EstruturasRepeticao.csproj", "{6FE61462-5589-4F19-8951-C245ED19720A}"
EndProject
Project("{9A19103F-16F7-4668-BE54-9A1E7A4F7556}") = "TrabalhandoComStrings", "TrabalhandoComStrings\TrabalhandoComStrings.csproj", "{CA6B3085-0B55-4EC7-9593-325AE0B95074}"
EndProject
Project("{9A19103F-16F7-4668-BE54-9A1E7A4F7556}") = "ArraysListasLinq", "ArraysListasLinq\ArraysListasLinq.csproj", "{282E0CAA-2E79-4F75-A19B-6D816C1F1CB2}"
EndProject
Project("{FAE04EC0-301F-11D3-BF4B-00C04F79EFBC}") = "TrabalhandoComDateTime", "TrabalhandoComDateTime\TrabalhandoComDateTime.csproj", "{F8176BC2-A642-4882-ABCD-68B80E203297}"
EndProject
Project("{FAE04EC0-301F-11D3-BF4B-00C04F79EFBC}") = "TrabalhandoComArquivos", "TrabalhandoComArquivos\TrabalhandoComArquivos.csproj", "{056C6261-5849-4CD8-ACAA-3BD6CB723943}"
EndProject
Project("{FAE04EC0-301F-11D3-BF4B-00C04F79EFBC}") = "DEbugandoAplicacoes", "DEbugandoAplicacoes\DEbugandoAplicacoes.csproj", "{5B10D44E-C451-4B5E-B4D1-1FF41AF3CD18}"
EndProject
Project("{FAE04EC0-301F-11D3-BF4B-00C04F79EFBC}") = "TratandoExcecoes", "TratandoExcecoes\TratandoExcecoes.csproj", "{FE4B1E3F-A357-4164-BB61-C6520FBFFFF5}"
EndProject
Project("{FAE04EC0-301F-11D3-BF4B-00C04F79EFBC}") = "ProgramacaoOO", "ProgramacaoOO\ProgramacaoOO.csproj", "{A99650B8-ED0E-4224-876D-021987B63941}"
EndProject
Global
	GlobalSection(SolutionConfigurationPlatforms) = preSolution
		Debug|Any CPU = Debug|Any CPU
		Release|Any CPU = Release|Any CPU
	EndGlobalSection
	GlobalSection(ProjectConfigurationPlatforms) = postSolution
		{41D2E5FE-6F63-4109-A9E8-B97DB6FB555F}.Debug|Any CPU.ActiveCfg = Debug|Any CPU
		{41D2E5FE-6F63-4109-A9E8-B97DB6FB555F}.Debug|Any CPU.Build.0 = Debug|Any CPU
		{41D2E5FE-6F63-4109-A9E8-B97DB6FB555F}.Release|Any CPU.ActiveCfg = Release|Any CPU
		{41D2E5FE-6F63-4109-A9E8-B97DB6FB555F}.Release|Any CPU.Build.0 = Release|Any CPU
		{0F594C19-1441-468A-B39C-F70388E21743}.Debug|Any CPU.ActiveCfg = Debug|Any CPU
		{0F594C19-1441-468A-B39C-F70388E21743}.Debug|Any CPU.Build.0 = Debug|Any CPU
		{0F594C19-1441-468A-B39C-F70388E21743}.Release|Any CPU.ActiveCfg = Release|Any CPU
		{0F594C19-1441-468A-B39C-F70388E21743}.Release|Any CPU.Build.0 = Release|Any CPU
		{6FE61462-5589-4F19-8951-C245ED19720A}.Debug|Any CPU.ActiveCfg = Debug|Any CPU
		{6FE61462-5589-4F19-8951-C245ED19720A}.Debug|Any CPU.Build.0 = Debug|Any CPU
		{6FE61462-5589-4F19-8951-C245ED19720A}.Release|Any CPU.ActiveCfg = Release|Any CPU
		{6FE61462-5589-4F19-8951-C245ED19720A}.Release|Any CPU.Build.0 = Release|Any CPU
		{CA6B3085-0B55-4EC7-9593-325AE0B95074}.Debug|Any CPU.ActiveCfg = Debug|Any CPU
		{CA6B3085-0B55-4EC7-9593-325AE0B95074}.Debug|Any CPU.Build.0 = Debug|Any CPU
		{CA6B3085-0B55-4EC7-9593-325AE0B95074}.Release|Any CPU.ActiveCfg = Release|Any CPU
		{CA6B3085-0B55-4EC7-9593-325AE0B95074}.Release|Any CPU.Build.0 = Release|Any CPU
		{282E0CAA-2E79-4F75-A19B-6D816C1F1CB2}.Debug|Any CPU.ActiveCfg = Debug|Any CPU
		{282E0CAA-2E79-4F75-A19B-6D816C1F1CB2}.Debug|Any CPU.Build.0 = Debug|Any CPU
		{282E0CAA-2E79-4F75-A19B-6D816C1F1CB2}.Release|Any CPU.ActiveCfg = Release|Any CPU
		{282E0CAA-2E79-4F75-A19B-6D816C1F1CB2}.Release|Any CPU.Build.0 = Release|Any CPU
		{F8176BC2-A642-4882-ABCD-68B80E203297}.Debug|Any CPU.ActiveCfg = Debug|Any CPU
		{F8176BC2-A642-4882-ABCD-68B80E203297}.Debug|Any CPU.Build.0 = Debug|Any CPU
		{F8176BC2-A642-4882-ABCD-68B80E203297}.Release|Any CPU.ActiveCfg = Release|Any CPU
		{F8176BC2-A642-4882-ABCD-68B80E203297}.Release|Any CPU.Build.0 = Release|Any CPU
		{056C6261-5849-4CD8-ACAA-3BD6CB723943}.Debug|Any CPU.ActiveCfg = Debug|Any CPU
		{056C6261-5849-4CD8-ACAA-3BD6CB723943}.Debug|Any CPU.Build.0 = Debug|Any CPU
		{056C6261-5849-4CD8-ACAA-3BD6CB723943}.Release|Any CPU.ActiveCfg = Release|Any CPU
		{056C6261-5849-4CD8-ACAA-3BD6CB723943}.Release|Any CPU.Build.0 = Release|Any CPU
		{5B10D44E-C451-4B5E-B4D1-1FF41AF3CD18}.Debug|Any CPU.ActiveCfg = Debug|Any CPU
		{5B10D44E-C451-4B5E-B4D1-1FF41AF3CD18}.Debug|Any CPU.Build.0 = Debug|Any CPU
		{5B10D44E-C451-4B5E-B4D1-1FF41AF3CD18}.Release|Any CPU.ActiveCfg = Release|Any CPU
		{5B10D44E-C451-4B5E-B4D1-1FF41AF3CD18}.Release|Any CPU.Build.0 = Release|Any CPU
		{FE4B1E3F-A357-4164-BB61-C6520FBFFFF5}.Debug|Any CPU.ActiveCfg = Debug|Any CPU
		{FE4B1E3F-A357-4164-BB61-C6520FBFFFF5}.Debug|Any CPU.Build.0 = Debug|Any CPU
		{FE4B1E3F-A357-4164-BB61-C6520FBFFFF5}.Release|Any CPU.ActiveCfg = Release|Any CPU
		{FE4B1E3F-A357-4164-BB61-C6520FBFFFF5}.Release|Any CPU.Build.0 = Release|Any CPU
		{A99650B8-ED0E-4224-876D-021987B63941}.Debug|Any CPU.ActiveCfg = Debug|Any CPU
		{A99650B8-ED0E-4224-876D-021987B63941}.Debug|Any CPU.Build.0 = Debug|Any CPU
		{A99650B8-ED0E-4224-876D-021987B63941}.Release|Any CPU.ActiveCfg = Release|Any CPU
		{A99650B8-ED0E-4224-876D-021987B63941}.Release|Any CPU.Build.0 = Release|Any CPU
	EndGlobalSection
	GlobalSection(SolutionProperties) = preSolution
		HideSolutionNode = FALSE
	EndGlobalSection
	GlobalSection(ExtensibilityGlobals) = postSolution
		SolutionGuid = {275A0873-AC17-4ED9-8782-9BA86AC9E7EC}
	EndGlobalSection
EndGlobal
