
Microsoft Visual Studio Solution File, Format Version 12.00
# Visual Studio Version 16
VisualStudioVersion = 16.0.31729.503
MinimumVisualStudioVersion = 10.0.40219.1
Project("{9A19103F-16F7-4668-BE54-9A1E7A4F7556}") = "DevFreela.API", "DevFreela.API\DevFreela.API.csproj", "{DDA05E76-C5E8-44F0-8D12-6B82F58050D2}"
EndProject
Project("{FAE04EC0-301F-11D3-BF4B-00C04F79EFBC}") = "DevFreela.Core", "DevFreela.Core\DevFreela.Core.csproj", "{77407F2E-AA2D-4274-83EE-02464FA307B0}"
EndProject
Project("{FAE04EC0-301F-11D3-BF4B-00C04F79EFBC}") = "DevFreela.Infrastructure", "DevFreela.Infrastructure\DevFreela.Infrastructure.csproj", "{06228B00-D2E9-4691-82B3-2EA4472A76F5}"
EndProject
Project("{FAE04EC0-301F-11D3-BF4B-00C04F79EFBC}") = "DevFreela.Application", "DevFreela.Application\DevFreela.Application.csproj", "{FCA0A76F-17F1-4898-B69F-7D96F0CE3A0E}"
EndProject
Global
	GlobalSection(SolutionConfigurationPlatforms) = preSolution
		Debug|Any CPU = Debug|Any CPU
		Release|Any CPU = Release|Any CPU
	EndGlobalSection
	GlobalSection(ProjectConfigurationPlatforms) = postSolution
		{DDA05E76-C5E8-44F0-8D12-6B82F58050D2}.Debug|Any CPU.ActiveCfg = Debug|Any CPU
		{DDA05E76-C5E8-44F0-8D12-6B82F58050D2}.Debug|Any CPU.Build.0 = Debug|Any CPU
		{DDA05E76-C5E8-44F0-8D12-6B82F58050D2}.Release|Any CPU.ActiveCfg = Release|Any CPU
		{DDA05E76-C5E8-44F0-8D12-6B82F58050D2}.Release|Any CPU.Build.0 = Release|Any CPU
		{77407F2E-AA2D-4274-83EE-02464FA307B0}.Debug|Any CPU.ActiveCfg = Debug|Any CPU
		{77407F2E-AA2D-4274-83EE-02464FA307B0}.Debug|Any CPU.Build.0 = Debug|Any CPU
		{77407F2E-AA2D-4274-83EE-02464FA307B0}.Release|Any CPU.ActiveCfg = Release|Any CPU
		{77407F2E-AA2D-4274-83EE-02464FA307B0}.Release|Any CPU.Build.0 = Release|Any CPU
		{06228B00-D2E9-4691-82B3-2EA4472A76F5}.Debug|Any CPU.ActiveCfg = Debug|Any CPU
		{06228B00-D2E9-4691-82B3-2EA4472A76F5}.Debug|Any CPU.Build.0 = Debug|Any CPU
		{06228B00-D2E9-4691-82B3-2EA4472A76F5}.Release|Any CPU.ActiveCfg = Release|Any CPU
		{06228B00-D2E9-4691-82B3-2EA4472A76F5}.Release|Any CPU.Build.0 = Release|Any CPU
		{FCA0A76F-17F1-4898-B69F-7D96F0CE3A0E}.Debug|Any CPU.ActiveCfg = Debug|Any CPU
		{FCA0A76F-17F1-4898-B69F-7D96F0CE3A0E}.Debug|Any CPU.Build.0 = Debug|Any CPU
		{FCA0A76F-17F1-4898-B69F-7D96F0CE3A0E}.Release|Any CPU.ActiveCfg = Release|Any CPU
		{FCA0A76F-17F1-4898-B69F-7D96F0CE3A0E}.Release|Any CPU.Build.0 = Release|Any CPU
	EndGlobalSection
	GlobalSection(SolutionProperties) = preSolution
		HideSolutionNode = FALSE
	EndGlobalSection
	GlobalSection(ExtensibilityGlobals) = postSolution
		SolutionGuid = {5DAEB272-5720-4466-95CA-DCCCB85C43E0}
	EndGlobalSection
EndGlobal
